// !$*UTF8*$!
{
	archiveVersion = 1;
	classes = {
	};
	objectVersion = 56;
	objects = {

/* Begin PBXBuildFile section */
		970B863D28FED51F002A0230 /* AppDelegate.swift in Sources */ = {isa = PBXBuildFile; fileRef = 970B863C28FED51F002A0230 /* AppDelegate.swift */; };
		970B863F28FED51F002A0230 /* SceneDelegate.swift in Sources */ = {isa = PBXBuildFile; fileRef = 970B863E28FED51F002A0230 /* SceneDelegate.swift */; };
		970B864428FED51F002A0230 /* Main.storyboard in Resources */ = {isa = PBXBuildFile; fileRef = 970B864228FED51F002A0230 /* Main.storyboard */; };
		970B864628FED522002A0230 /* Assets.xcassets in Resources */ = {isa = PBXBuildFile; fileRef = 970B864528FED522002A0230 /* Assets.xcassets */; };
		970B864928FED522002A0230 /* LaunchScreen.storyboard in Resources */ = {isa = PBXBuildFile; fileRef = 970B864728FED522002A0230 /* LaunchScreen.storyboard */; };
		970B865428FEDE27002A0230 /* ContactListViewController.swift in Sources */ = {isa = PBXBuildFile; fileRef = 970B865328FEDE27002A0230 /* ContactListViewController.swift */; };
		970B865628FEFDAA002A0230 /* SecondContactListViewController.swift in Sources */ = {isa = PBXBuildFile; fileRef = 970B865528FEFDAA002A0230 /* SecondContactListViewController.swift */; };
		970B865A28FEFF94002A0230 /* Contact.swift in Sources */ = {isa = PBXBuildFile; fileRef = 970B865928FEFF94002A0230 /* Contact.swift */; };
		970B865C28FF004D002A0230 /* DataStore.swift in Sources */ = {isa = PBXBuildFile; fileRef = 970B865B28FF004D002A0230 /* DataStore.swift */; };
		970B865E28FF43FE002A0230 /* ContactDetailsViewController.swift in Sources */ = {isa = PBXBuildFile; fileRef = 970B865D28FF43FE002A0230 /* ContactDetailsViewController.swift */; };
		970B86602900222F002A0230 /* TabBarController.swift in Sources */ = {isa = PBXBuildFile; fileRef = 970B865F2900222F002A0230 /* TabBarController.swift */; };
/* End PBXBuildFile section */

/* Begin PBXFileReference section */
		970B863928FED51F002A0230 /* ContactList.app */ = {isa = PBXFileReference; explicitFileType = wrapper.application; includeInIndex = 0; path = ContactList.app; sourceTree = BUILT_PRODUCTS_DIR; };
		970B863C28FED51F002A0230 /* AppDelegate.swift */ = {isa = PBXFileReference; lastKnownFileType = sourcecode.swift; path = AppDelegate.swift; sourceTree = "<group>"; };
		970B863E28FED51F002A0230 /* SceneDelegate.swift */ = {isa = PBXFileReference; lastKnownFileType = sourcecode.swift; path = SceneDelegate.swift; sourceTree = "<group>"; };
		970B864328FED51F002A0230 /* Base */ = {isa = PBXFileReference; lastKnownFileType = file.storyboard; name = Base; path = Base.lproj/Main.storyboard; sourceTree = "<group>"; };
		970B864528FED522002A0230 /* Assets.xcassets */ = {isa = PBXFileReference; lastKnownFileType = folder.assetcatalog; path = Assets.xcassets; sourceTree = "<group>"; };
		970B864828FED522002A0230 /* Base */ = {isa = PBXFileReference; lastKnownFileType = file.storyboard; name = Base; path = Base.lproj/LaunchScreen.storyboard; sourceTree = "<group>"; };
		970B864A28FED522002A0230 /* Info.plist */ = {isa = PBXFileReference; lastKnownFileType = text.plist.xml; path = Info.plist; sourceTree = "<group>"; };
		970B865328FEDE27002A0230 /* ContactListViewController.swift */ = {isa = PBXFileReference; lastKnownFileType = sourcecode.swift; path = ContactListViewController.swift; sourceTree = "<group>"; };
		970B865528FEFDAA002A0230 /* SecondContactListViewController.swift */ = {isa = PBXFileReference; lastKnownFileType = sourcecode.swift; path = SecondContactListViewController.swift; sourceTree = "<group>"; };
		970B865928FEFF94002A0230 /* Contact.swift */ = {isa = PBXFileReference; lastKnownFileType = sourcecode.swift; path = Contact.swift; sourceTree = "<group>"; };
		970B865B28FF004D002A0230 /* DataStore.swift */ = {isa = PBXFileReference; lastKnownFileType = sourcecode.swift; path = DataStore.swift; sourceTree = "<group>"; };
		970B865D28FF43FE002A0230 /* ContactDetailsViewController.swift */ = {isa = PBXFileReference; lastKnownFileType = sourcecode.swift; path = ContactDetailsViewController.swift; sourceTree = "<group>"; };
		970B865F2900222F002A0230 /* TabBarController.swift */ = {isa = PBXFileReference; lastKnownFileType = sourcecode.swift; path = TabBarController.swift; sourceTree = "<group>"; };
/* End PBXFileReference section */

/* Begin PBXFrameworksBuildPhase section */
		970B863628FED51F002A0230 /* Frameworks */ = {
			isa = PBXFrameworksBuildPhase;
			buildActionMask = 2147483647;
			files = (
			);
			runOnlyForDeploymentPostprocessing = 0;
		};
/* End PBXFrameworksBuildPhase section */

/* Begin PBXGroup section */
		970B863028FED51F002A0230 = {
			isa = PBXGroup;
			children = (
				970B863B28FED51F002A0230 /* ContactList */,
				970B863A28FED51F002A0230 /* Products */,
			);
			sourceTree = "<group>";
		};
		970B863A28FED51F002A0230 /* Products */ = {
			isa = PBXGroup;
			children = (
				970B863928FED51F002A0230 /* ContactList.app */,
			);
			name = Products;
			sourceTree = "<group>";
		};
		970B863B28FED51F002A0230 /* ContactList */ = {
			isa = PBXGroup;
			children = (
				970B865028FED533002A0230 /* App */,
				970B865828FEFF83002A0230 /* Model */,
				970B865728FEFF75002A0230 /* Services */,
				970B865228FED54B002A0230 /* ViewControllers */,
				970B865128FED542002A0230 /* StoryBoard */,
				970B864528FED522002A0230 /* Assets.xcassets */,
			);
			path = ContactList;
			sourceTree = "<group>";
		};
		970B865028FED533002A0230 /* App */ = {
			isa = PBXGroup;
			children = (
				970B863C28FED51F002A0230 /* AppDelegate.swift */,
				970B863E28FED51F002A0230 /* SceneDelegate.swift */,
				970B864A28FED522002A0230 /* Info.plist */,
			);
			path = App;
			sourceTree = "<group>";
		};
		970B865128FED542002A0230 /* StoryBoard */ = {
			isa = PBXGroup;
			children = (
				970B864228FED51F002A0230 /* Main.storyboard */,
				970B864728FED522002A0230 /* LaunchScreen.storyboard */,
			);
			path = StoryBoard;
			sourceTree = "<group>";
		};
		970B865228FED54B002A0230 /* ViewControllers */ = {
			isa = PBXGroup;
			children = (
				970B865328FEDE27002A0230 /* ContactListViewController.swift */,
				970B865528FEFDAA002A0230 /* SecondContactListViewController.swift */,
				970B865D28FF43FE002A0230 /* ContactDetailsViewController.swift */,
			);
			path = ViewControllers;
			sourceTree = "<group>";
		};
		970B865728FEFF75002A0230 /* Services */ = {
			isa = PBXGroup;
			children = (
				970B865B28FF004D002A0230 /* DataStore.swift */,
			);
			path = Services;
			sourceTree = "<group>";
		};
		970B865828FEFF83002A0230 /* Model */ = {
			isa = PBXGroup;
			children = (
				970B865928FEFF94002A0230 /* Contact.swift */,
				970B865F2900222F002A0230 /* TabBarController.swift */,
			);
			path = Model;
			sourceTree = "<group>";
		};
/* End PBXGroup section */

/* Begin PBXNativeTarget section */
		970B863828FED51F002A0230 /* ContactList */ = {
			isa = PBXNativeTarget;
			buildConfigurationList = 970B864D28FED522002A0230 /* Build configuration list for PBXNativeTarget "ContactList" */;
			buildPhases = (
				970B863528FED51F002A0230 /* Sources */,
				970B863628FED51F002A0230 /* Frameworks */,
				970B863728FED51F002A0230 /* Resources */,
			);
			buildRules = (
			);
			dependencies = (
			);
			name = ContactList;
			productName = ContactList;
			productReference = 970B863928FED51F002A0230 /* ContactList.app */;
			productType = "com.apple.product-type.application";
		};
/* End PBXNativeTarget section */

/* Begin PBXProject section */
		970B863128FED51F002A0230 /* Project object */ = {
			isa = PBXProject;
			attributes = {
				BuildIndependentTargetsInParallel = 1;
				LastSwiftUpdateCheck = 1400;
				LastUpgradeCheck = 1400;
				TargetAttributes = {
					970B863828FED51F002A0230 = {
						CreatedOnToolsVersion = 14.0.1;
					};
				};
			};
			buildConfigurationList = 970B863428FED51F002A0230 /* Build configuration list for PBXProject "ContactList" */;
			compatibilityVersion = "Xcode 14.0";
			developmentRegion = en;
			hasScannedForEncodings = 0;
			knownRegions = (
				en,
				Base,
			);
			mainGroup = 970B863028FED51F002A0230;
			productRefGroup = 970B863A28FED51F002A0230 /* Products */;
			projectDirPath = "";
			projectRoot = "";
			targets = (
				970B863828FED51F002A0230 /* ContactList */,
			);
		};
/* End PBXProject section */

/* Begin PBXResourcesBuildPhase section */
		970B863728FED51F002A0230 /* Resources */ = {
			isa = PBXResourcesBuildPhase;
			buildActionMask = 2147483647;
			files = (
				970B864928FED522002A0230 /* LaunchScreen.storyboard in Resources */,
				970B864628FED522002A0230 /* Assets.xcassets in Resources */,
				970B864428FED51F002A0230 /* Main.storyboard in Resources */,
			);
			runOnlyForDeploymentPostprocessing = 0;
		};
/* End PBXResourcesBuildPhase section */

/* Begin PBXSourcesBuildPhase section */
		970B863528FED51F002A0230 /* Sources */ = {
			isa = PBXSourcesBuildPhase;
			buildActionMask = 2147483647;
			files = (
				970B863D28FED51F002A0230 /* AppDelegate.swift in Sources */,
				970B865C28FF004D002A0230 /* DataStore.swift in Sources */,
				970B863F28FED51F002A0230 /* SceneDelegate.swift in Sources */,
				970B865A28FEFF94002A0230 /* Contact.swift in Sources */,
				970B865E28FF43FE002A0230 /* ContactDetailsViewController.swift in Sources */,
				970B865428FEDE27002A0230 /* ContactListViewController.swift in Sources */,
				970B86602900222F002A0230 /* TabBarController.swift in Sources */,
				970B865628FEFDAA002A0230 /* SecondContactListViewController.swift in Sources */,
			);
			runOnlyForDeploymentPostprocessing = 0;
		};
/* End PBXSourcesBuildPhase section */

/* Begin PBXVariantGroup section */
		970B864228FED51F002A0230 /* Main.storyboard */ = {
			isa = PBXVariantGroup;
			children = (
				970B864328FED51F002A0230 /* Base */,
			);
			name = Main.storyboard;
			sourceTree = "<group>";
		};
		970B864728FED522002A0230 /* LaunchScreen.storyboard */ = {
			isa = PBXVariantGroup;
			children = (
				970B864828FED522002A0230 /* Base */,
			);
			name = LaunchScreen.storyboard;
			sourceTree = "<group>";
		};
/* End PBXVariantGroup section */

/* Begin XCBuildConfiguration section */
		970B864B28FED522002A0230 /* Debug */ = {
			isa = XCBuildConfiguration;
			buildSettings = {
				ALWAYS_SEARCH_USER_PATHS = NO;
				CLANG_ANALYZER_NONNULL = YES;
				CLANG_ANALYZER_NUMBER_OBJECT_CONVERSION = YES_AGGRESSIVE;
				CLANG_CXX_LANGUAGE_STANDARD = "gnu++20";
				CLANG_ENABLE_MODULES = YES;
				CLANG_ENABLE_OBJC_ARC = YES;
				CLANG_ENABLE_OBJC_WEAK = YES;
				CLANG_WARN_BLOCK_CAPTURE_AUTORELEASING = YES;
				CLANG_WARN_BOOL_CONVERSION = YES;
				CLANG_WARN_COMMA = YES;
				CLANG_WARN_CONSTANT_CONVERSION = YES;
				CLANG_WARN_DEPRECATED_OBJC_IMPLEMENTATIONS = YES;
				CLANG_WARN_DIRECT_OBJC_ISA_USAGE = YES_ERROR;
				CLANG_WARN_DOCUMENTATION_COMMENTS = YES;
				CLANG_WARN_EMPTY_BODY = YES;
				CLANG_WARN_ENUM_CONVERSION = YES;
				CLANG_WARN_INFINITE_RECURSION = YES;
				CLANG_WARN_INT_CONVERSION = YES;
				CLANG_WARN_NON_LITERAL_NULL_CONVERSION = YES;
				CLANG_WARN_OBJC_IMPLICIT_RETAIN_SELF = YES;
				CLANG_WARN_OBJC_LITERAL_CONVERSION = YES;
				CLANG_WARN_OBJC_ROOT_CLASS = YES_ERROR;
				CLANG_WARN_QUOTED_INCLUDE_IN_FRAMEWORK_HEADER = YES;
				CLANG_WARN_RANGE_LOOP_ANALYSIS = YES;
				CLANG_WARN_STRICT_PROTOTYPES = YES;
				CLANG_WARN_SUSPICIOUS_MOVE = YES;
				CLANG_WARN_UNGUARDED_AVAILABILITY = YES_AGGRESSIVE;
				CLANG_WARN_UNREACHABLE_CODE = YES;
				CLANG_WARN__DUPLICATE_METHOD_MATCH = YES;
				COPY_PHASE_STRIP = NO;
				DEBUG_INFORMATION_FORMAT = dwarf;
				ENABLE_STRICT_OBJC_MSGSEND = YES;
				ENABLE_TESTABILITY = YES;
				GCC_C_LANGUAGE_STANDARD = gnu11;
				GCC_DYNAMIC_NO_PIC = NO;
				GCC_NO_COMMON_BLOCKS = YES;
				GCC_OPTIMIZATION_LEVEL = 0;
				GCC_PREPROCESSOR_DEFINITIONS = (
					"DEBUG=1",
					"$(inherited)",
				);
				GCC_WARN_64_TO_32_BIT_CONVERSION = YES;
				GCC_WARN_ABOUT_RETURN_TYPE = YES_ERROR;
				GCC_WARN_UNDECLARED_SELECTOR = YES;
				GCC_WARN_UNINITIALIZED_AUTOS = YES_AGGRESSIVE;
				GCC_WARN_UNUSED_FUNCTION = YES;
				GCC_WARN_UNUSED_VARIABLE = YES;
				IPHONEOS_DEPLOYMENT_TARGET = 16.0;
				MTL_ENABLE_DEBUG_INFO = INCLUDE_SOURCE;
				MTL_FAST_MATH = YES;
				ONLY_ACTIVE_ARCH = YES;
				SDKROOT = iphoneos;
				SWIFT_ACTIVE_COMPILATION_CONDITIONS = DEBUG;
				SWIFT_OPTIMIZATION_LEVEL = "-Onone";
			};
			name = Debug;
		};
		970B864C28FED522002A0230 /* Release */ = {
			isa = XCBuildConfiguration;
			buildSettings = {
				ALWAYS_SEARCH_USER_PATHS = NO;
				CLANG_ANALYZER_NONNULL = YES;
				CLANG_ANALYZER_NUMBER_OBJECT_CONVERSION = YES_AGGRESSIVE;
				CLANG_CXX_LANGUAGE_STANDARD = "gnu++20";
				CLANG_ENABLE_MODULES = YES;
				CLANG_ENABLE_OBJC_ARC = YES;
				CLANG_ENABLE_OBJC_WEAK = YES;
				CLANG_WARN_BLOCK_CAPTURE_AUTORELEASING = YES;
				CLANG_WARN_BOOL_CONVERSION = YES;
				CLANG_WARN_COMMA = YES;
				CLANG_WARN_CONSTANT_CONVERSION = YES;
				CLANG_WARN_DEPRECATED_OBJC_IMPLEMENTATIONS = YES;
				CLANG_WARN_DIRECT_OBJC_ISA_USAGE = YES_ERROR;
				CLANG_WARN_DOCUMENTATION_COMMENTS = YES;
				CLANG_WARN_EMPTY_BODY = YES;
				CLANG_WARN_ENUM_CONVERSION = YES;
				CLANG_WARN_INFINITE_RECURSION = YES;
				CLANG_WARN_INT_CONVERSION = YES;
				CLANG_WARN_NON_LITERAL_NULL_CONVERSION = YES;
				CLANG_WARN_OBJC_IMPLICIT_RETAIN_SELF = YES;
				CLANG_WARN_OBJC_LITERAL_CONVERSION = YES;
				CLANG_WARN_OBJC_ROOT_CLASS = YES_ERROR;
				CLANG_WARN_QUOTED_INCLUDE_IN_FRAMEWORK_HEADER = YES;
				CLANG_WARN_RANGE_LOOP_ANALYSIS = YES;
				CLANG_WARN_STRICT_PROTOTYPES = YES;
				CLANG_WARN_SUSPICIOUS_MOVE = YES;
				CLANG_WARN_UNGUARDED_AVAILABILITY = YES_AGGRESSIVE;
				CLANG_WARN_UNREACHABLE_CODE = YES;
				CLANG_WARN__DUPLICATE_METHOD_MATCH = YES;
				COPY_PHASE_STRIP = NO;
				DEBUG_INFORMATION_FORMAT = "dwarf-with-dsym";
				ENABLE_NS_ASSERTIONS = NO;
				ENABLE_STRICT_OBJC_MSGSEND = YES;
				GCC_C_LANGUAGE_STANDARD = gnu11;
				GCC_NO_COMMON_BLOCKS = YES;
				GCC_WARN_64_TO_32_BIT_CONVERSION = YES;
				GCC_WARN_ABOUT_RETURN_TYPE = YES_ERROR;
				GCC_WARN_UNDECLARED_SELECTOR = YES;
				GCC_WARN_UNINITIALIZED_AUTOS = YES_AGGRESSIVE;
				GCC_WARN_UNUSED_FUNCTION = YES;
				GCC_WARN_UNUSED_VARIABLE = YES;
				IPHONEOS_DEPLOYMENT_TARGET = 16.0;
				MTL_ENABLE_DEBUG_INFO = NO;
				MTL_FAST_MATH = YES;
				SDKROOT = iphoneos;
				SWIFT_COMPILATION_MODE = wholemodule;
				SWIFT_OPTIMIZATION_LEVEL = "-O";
				VALIDATE_PRODUCT = YES;
			};
			name = Release;
		};
		970B864E28FED522002A0230 /* Debug */ = {
			isa = XCBuildConfiguration;
			buildSettings = {
				ASSETCATALOG_COMPILER_APPICON_NAME = AppIcon;
				ASSETCATALOG_COMPILER_GLOBAL_ACCENT_COLOR_NAME = AccentColor;
				CODE_SIGN_STYLE = Automatic;
				CURRENT_PROJECT_VERSION = 1;
				DEVELOPMENT_TEAM = MG6C2P7UF9;
				GENERATE_INFOPLIST_FILE = YES;
				INFOPLIST_FILE = ContactList/App/Info.plist;
				INFOPLIST_KEY_UIApplicationSupportsIndirectInputEvents = YES;
				INFOPLIST_KEY_UILaunchStoryboardName = LaunchScreen;
				INFOPLIST_KEY_UIMainStoryboardFile = Main;
				INFOPLIST_KEY_UISupportedInterfaceOrientations_iPad = "UIInterfaceOrientationPortrait UIInterfaceOrientationPortraitUpsideDown UIInterfaceOrientationLandscapeLeft UIInterfaceOrientationLandscapeRight";
				INFOPLIST_KEY_UISupportedInterfaceOrientations_iPhone = "UIInterfaceOrientationPortrait UIInterfaceOrientationLandscapeLeft UIInterfaceOrientationLandscapeRight";
				LD_RUNPATH_SEARCH_PATHS = (
					"$(inherited)",
					"@executable_path/Frameworks",
				);
				MARKETING_VERSION = 1.0;
				PRODUCT_BUNDLE_IDENTIFIER = KD.ContactList;
				PRODUCT_NAME = "$(TARGET_NAME)";
				SWIFT_EMIT_LOC_STRINGS = YES;
				SWIFT_VERSION = 5.0;
				TARGETED_DEVICE_FAMILY = "1,2";
			};
			name = Debug;
		};
		970B864F28FED522002A0230 /* Release */ = {
			isa = XCBuildConfiguration;
			buildSettings = {
				ASSETCATALOG_COMPILER_APPICON_NAME = AppIcon;
				ASSETCATALOG_COMPILER_GLOBAL_ACCENT_COLOR_NAME = AccentColor;
				CODE_SIGN_STYLE = Automatic;
				CURRENT_PROJECT_VERSION = 1;
				DEVELOPMENT_TEAM = MG6C2P7UF9;
				GENERATE_INFOPLIST_FILE = YES;
				INFOPLIST_FILE = ContactList/App/Info.plist;
				INFOPLIST_KEY_UIApplicationSupportsIndirectInputEvents = YES;
				INFOPLIST_KEY_UILaunchStoryboardName = LaunchScreen;
				INFOPLIST_KEY_UIMainStoryboardFile = Main;
				INFOPLIST_KEY_UISupportedInterfaceOrientations_iPad = "UIInterfaceOrientationPortrait UIInterfaceOrientationPortraitUpsideDown UIInterfaceOrientationLandscapeLeft UIInterfaceOrientationLandscapeRight";
				INFOPLIST_KEY_UISupportedInterfaceOrientations_iPhone = "UIInterfaceOrientationPortrait UIInterfaceOrientationLandscapeLeft UIInterfaceOrientationLandscapeRight";
				LD_RUNPATH_SEARCH_PATHS = (
					"$(inherited)",
					"@executable_path/Frameworks",
				);
				MARKETING_VERSION = 1.0;
				PRODUCT_BUNDLE_IDENTIFIER = KD.ContactList;
				PRODUCT_NAME = "$(TARGET_NAME)";
				SWIFT_EMIT_LOC_STRINGS = YES;
				SWIFT_VERSION = 5.0;
				TARGETED_DEVICE_FAMILY = "1,2";
			};
			name = Release;
		};
/* End XCBuildConfiguration section */

/* Begin XCConfigurationList section */
		970B863428FED51F002A0230 /* Build configuration list for PBXProject "ContactList" */ = {
			isa = XCConfigurationList;
			buildConfigurations = (
				970B864B28FED522002A0230 /* Debug */,
				970B864C28FED522002A0230 /* Release */,
			);
			defaultConfigurationIsVisible = 0;
			defaultConfigurationName = Release;
		};
		970B864D28FED522002A0230 /* Build configuration list for PBXNativeTarget "ContactList" */ = {
			isa = XCConfigurationList;
			buildConfigurations = (
				970B864E28FED522002A0230 /* Debug */,
				970B864F28FED522002A0230 /* Release */,
			);
			defaultConfigurationIsVisible = 0;
			defaultConfigurationName = Release;
		};
/* End XCConfigurationList section */
	};
	rootObject = 970B863128FED51F002A0230 /* Project object */;
}
